// !$*UTF8*$!
{
	archiveVersion = 1;
	classes = {
	};
	objectVersion = 46;
	objects = {

/* Begin PBXBuildFile section */
		9CE546311C9EFF9000F922DA /* AppDelegate.swift in Sources */ = {isa = PBXBuildFile; fileRef = 9CE546301C9EFF9000F922DA /* AppDelegate.swift */; };
		9CE546331C9EFF9000F922DA /* ViewController.swift in Sources */ = {isa = PBXBuildFile; fileRef = 9CE546321C9EFF9000F922DA /* ViewController.swift */; };
		9CE546361C9EFF9000F922DA /* Main.storyboard in Resources */ = {isa = PBXBuildFile; fileRef = 9CE546341C9EFF9000F922DA /* Main.storyboard */; };
		9CE546381C9EFF9000F922DA /* Assets.xcassets in Resources */ = {isa = PBXBuildFile; fileRef = 9CE546371C9EFF9000F922DA /* Assets.xcassets */; };
		9CE5463B1C9EFF9000F922DA /* LaunchScreen.storyboard in Resources */ = {isa = PBXBuildFile; fileRef = 9CE546391C9EFF9000F922DA /* LaunchScreen.storyboard */; };
		9CE546431C9F014000F922DA /* Character.swift in Sources */ = {isa = PBXBuildFile; fileRef = 9CE546421C9F014000F922DA /* Character.swift */; };
		9CE546451C9F02B100F922DA /* Player.swift in Sources */ = {isa = PBXBuildFile; fileRef = 9CE546441C9F02B100F922DA /* Player.swift */; };
		9CE546471C9F04F500F922DA /* Enemy.swift in Sources */ = {isa = PBXBuildFile; fileRef = 9CE546461C9F04F500F922DA /* Enemy.swift */; };
		9CE546491C9F067C00F922DA /* Kimara.swift in Sources */ = {isa = PBXBuildFile; fileRef = 9CE546481C9F067C00F922DA /* Kimara.swift */; };
		9CE5464B1C9F07A800F922DA /* DevilWizard.swift in Sources */ = {isa = PBXBuildFile; fileRef = 9CE5464A1C9F07A800F922DA /* DevilWizard.swift */; };
/* End PBXBuildFile section */

/* Begin PBXFileReference section */
		9CE5462D1C9EFF9000F922DA /* simple-OOP-game.app */ = {isa = PBXFileReference; explicitFileType = wrapper.application; includeInIndex = 0; path = "simple-OOP-game.app"; sourceTree = BUILT_PRODUCTS_DIR; };
		9CE546301C9EFF9000F922DA /* AppDelegate.swift */ = {isa = PBXFileReference; lastKnownFileType = sourcecode.swift; path = AppDelegate.swift; sourceTree = "<group>"; };
		9CE546321C9EFF9000F922DA /* ViewController.swift */ = {isa = PBXFileReference; lastKnownFileType = sourcecode.swift; path = ViewController.swift; sourceTree = "<group>"; };
		9CE546351C9EFF9000F922DA /* Base */ = {isa = PBXFileReference; lastKnownFileType = file.storyboard; name = Base; path = Base.lproj/Main.storyboard; sourceTree = "<group>"; };
		9CE546371C9EFF9000F922DA /* Assets.xcassets */ = {isa = PBXFileReference; lastKnownFileType = folder.assetcatalog; path = Assets.xcassets; sourceTree = "<group>"; };
		9CE5463A1C9EFF9000F922DA /* Base */ = {isa = PBXFileReference; lastKnownFileType = file.storyboard; name = Base; path = Base.lproj/LaunchScreen.storyboard; sourceTree = "<group>"; };
		9CE5463C1C9EFF9000F922DA /* Info.plist */ = {isa = PBXFileReference; lastKnownFileType = text.plist.xml; path = Info.plist; sourceTree = "<group>"; };
		9CE546421C9F014000F922DA /* Character.swift */ = {isa = PBXFileReference; fileEncoding = 4; lastKnownFileType = sourcecode.swift; path = Character.swift; sourceTree = "<group>"; };
		9CE546441C9F02B100F922DA /* Player.swift */ = {isa = PBXFileReference; fileEncoding = 4; lastKnownFileType = sourcecode.swift; path = Player.swift; sourceTree = "<group>"; };
		9CE546461C9F04F500F922DA /* Enemy.swift */ = {isa = PBXFileReference; fileEncoding = 4; lastKnownFileType = sourcecode.swift; path = Enemy.swift; sourceTree = "<group>"; };
		9CE546481C9F067C00F922DA /* Kimara.swift */ = {isa = PBXFileReference; fileEncoding = 4; lastKnownFileType = sourcecode.swift; path = Kimara.swift; sourceTree = "<group>"; };
		9CE5464A1C9F07A800F922DA /* DevilWizard.swift */ = {isa = PBXFileReference; fileEncoding = 4; lastKnownFileType = sourcecode.swift; path = DevilWizard.swift; sourceTree = "<group>"; };
/* End PBXFileReference section */

/* Begin PBXFrameworksBuildPhase section */
		9CE5462A1C9EFF8F00F922DA /* Frameworks */ = {
			isa = PBXFrameworksBuildPhase;
			buildActionMask = 2147483647;
			files = (
			);
			runOnlyForDeploymentPostprocessing = 0;
		};
/* End PBXFrameworksBuildPhase section */

/* Begin PBXGroup section */
		9CE546241C9EFF8F00F922DA = {
			isa = PBXGroup;
			children = (
				9CE5462F1C9EFF9000F922DA /* simple-OOP-game */,
				9CE5462E1C9EFF9000F922DA /* Products */,
			);
			sourceTree = "<group>";
		};
		9CE5462E1C9EFF9000F922DA /* Products */ = {
			isa = PBXGroup;
			children = (
				9CE5462D1C9EFF9000F922DA /* simple-OOP-game.app */,
			);
			name = Products;
			sourceTree = "<group>";
		};
		9CE5462F1C9EFF9000F922DA /* simple-OOP-game */ = {
			isa = PBXGroup;
			children = (
				9CE546301C9EFF9000F922DA /* AppDelegate.swift */,
				9CE546321C9EFF9000F922DA /* ViewController.swift */,
				9CE546341C9EFF9000F922DA /* Main.storyboard */,
				9CE546371C9EFF9000F922DA /* Assets.xcassets */,
				9CE546391C9EFF9000F922DA /* LaunchScreen.storyboard */,
				9CE5463C1C9EFF9000F922DA /* Info.plist */,
				9CE546421C9F014000F922DA /* Character.swift */,
				9CE546441C9F02B100F922DA /* Player.swift */,
				9CE546461C9F04F500F922DA /* Enemy.swift */,
				9CE546481C9F067C00F922DA /* Kimara.swift */,
				9CE5464A1C9F07A800F922DA /* DevilWizard.swift */,
			);
			path = "simple-OOP-game";
			sourceTree = "<group>";
		};
/* End PBXGroup section */

/* Begin PBXNativeTarget section */
		9CE5462C1C9EFF8F00F922DA /* simple-OOP-game */ = {
			isa = PBXNativeTarget;
			buildConfigurationList = 9CE5463F1C9EFF9000F922DA /* Build configuration list for PBXNativeTarget "simple-OOP-game" */;
			buildPhases = (
				9CE546291C9EFF8F00F922DA /* Sources */,
				9CE5462A1C9EFF8F00F922DA /* Frameworks */,
				9CE5462B1C9EFF8F00F922DA /* Resources */,
			);
			buildRules = (
			);
			dependencies = (
			);
			name = "simple-OOP-game";
			productName = "simple-OOP-game";
			productReference = 9CE5462D1C9EFF9000F922DA /* simple-OOP-game.app */;
			productType = "com.apple.product-type.application";
		};
/* End PBXNativeTarget section */

/* Begin PBXProject section */
		9CE546251C9EFF8F00F922DA /* Project object */ = {
			isa = PBXProject;
			attributes = {
				LastSwiftUpdateCheck = 0720;
				LastUpgradeCheck = 0720;
				ORGANIZATIONNAME = "Junior Samaroo";
				TargetAttributes = {
					9CE5462C1C9EFF8F00F922DA = {
						CreatedOnToolsVersion = 7.2.1;
						DevelopmentTeam = 6W27TEN3TD;
					};
				};
			};
			buildConfigurationList = 9CE546281C9EFF8F00F922DA /* Build configuration list for PBXProject "simple-OOP-game" */;
			compatibilityVersion = "Xcode 3.2";
			developmentRegion = English;
			hasScannedForEncodings = 0;
			knownRegions = (
				en,
				Base,
			);
			mainGroup = 9CE546241C9EFF8F00F922DA;
			productRefGroup = 9CE5462E1C9EFF9000F922DA /* Products */;
			projectDirPath = "";
			projectRoot = "";
			targets = (
				9CE5462C1C9EFF8F00F922DA /* simple-OOP-game */,
			);
		};
/* End PBXProject section */

/* Begin PBXResourcesBuildPhase section */
		9CE5462B1C9EFF8F00F922DA /* Resources */ = {
			isa = PBXResourcesBuildPhase;
			buildActionMask = 2147483647;
			files = (
				9CE5463B1C9EFF9000F922DA /* LaunchScreen.storyboard in Resources */,
				9CE546381C9EFF9000F922DA /* Assets.xcassets in Resources */,
				9CE546361C9EFF9000F922DA /* Main.storyboard in Resources */,
			);
			runOnlyForDeploymentPostprocessing = 0;
		};
/* End PBXResourcesBuildPhase section */

/* Begin PBXSourcesBuildPhase section */
		9CE546291C9EFF8F00F922DA /* Sources */ = {
			isa = PBXSourcesBuildPhase;
			buildActionMask = 2147483647;
			files = (
				9CE546451C9F02B100F922DA /* Player.swift in Sources */,
				9CE546471C9F04F500F922DA /* Enemy.swift in Sources */,
				9CE5464B1C9F07A800F922DA /* DevilWizard.swift in Sources */,
				9CE546491C9F067C00F922DA /* Kimara.swift in Sources */,
				9CE546431C9F014000F922DA /* Character.swift in Sources */,
				9CE546331C9EFF9000F922DA /* ViewController.swift in Sources */,
				9CE546311C9EFF9000F922DA /* AppDelegate.swift in Sources */,
			);
			runOnlyForDeploymentPostprocessing = 0;
		};
/* End PBXSourcesBuildPhase section */

/* Begin PBXVariantGroup section */
		9CE546341C9EFF9000F922DA /* Main.storyboard */ = {
			isa = PBXVariantGroup;
			children = (
				9CE546351C9EFF9000F922DA /* Base */,
			);
			name = Main.storyboard;
			sourceTree = "<group>";
		};
		9CE546391C9EFF9000F922DA /* LaunchScreen.storyboard */ = {
			isa = PBXVariantGroup;
			children = (
				9CE5463A1C9EFF9000F922DA /* Base */,
			);
			name = LaunchScreen.storyboard;
			sourceTree = "<group>";
		};
/* End PBXVariantGroup section */

/* Begin XCBuildConfiguration section */
		9CE5463D1C9EFF9000F922DA /* Debug */ = {
			isa = XCBuildConfiguration;
			buildSettings = {
				ALWAYS_SEARCH_USER_PATHS = NO;
				CLANG_CXX_LANGUAGE_STANDARD = "gnu++0x";
				CLANG_CXX_LIBRARY = "libc++";
				CLANG_ENABLE_MODULES = YES;
				CLANG_ENABLE_OBJC_ARC = YES;
				CLANG_WARN_BOOL_CONVERSION = YES;
				CLANG_WARN_CONSTANT_CONVERSION = YES;
				CLANG_WARN_DIRECT_OBJC_ISA_USAGE = YES_ERROR;
				CLANG_WARN_EMPTY_BODY = YES;
				CLANG_WARN_ENUM_CONVERSION = YES;
				CLANG_WARN_INT_CONVERSION = YES;
				CLANG_WARN_OBJC_ROOT_CLASS = YES_ERROR;
				CLANG_WARN_UNREACHABLE_CODE = YES;
				CLANG_WARN__DUPLICATE_METHOD_MATCH = YES;
				"CODE_SIGN_IDENTITY[sdk=iphoneos*]" = "iPhone Developer";
				COPY_PHASE_STRIP = NO;
				DEBUG_INFORMATION_FORMAT = dwarf;
				ENABLE_STRICT_OBJC_MSGSEND = YES;
				ENABLE_TESTABILITY = YES;
				GCC_C_LANGUAGE_STANDARD = gnu99;
				GCC_DYNAMIC_NO_PIC = NO;
				GCC_NO_COMMON_BLOCKS = YES;
				GCC_OPTIMIZATION_LEVEL = 0;
				GCC_PREPROCESSOR_DEFINITIONS = (
					"DEBUG=1",
					"$(inherited)",
				);
				GCC_WARN_64_TO_32_BIT_CONVERSION = YES;
				GCC_WARN_ABOUT_RETURN_TYPE = YES_ERROR;
				GCC_WARN_UNDECLARED_SELECTOR = YES;
				GCC_WARN_UNINITIALIZED_AUTOS = YES_AGGRESSIVE;
				GCC_WARN_UNUSED_FUNCTION = YES;
				GCC_WARN_UNUSED_VARIABLE = YES;
				IPHONEOS_DEPLOYMENT_TARGET = 9.2;
				MTL_ENABLE_DEBUG_INFO = YES;
				ONLY_ACTIVE_ARCH = YES;
				SDKROOT = iphoneos;
				SWIFT_OPTIMIZATION_LEVEL = "-Onone";
				TARGETED_DEVICE_FAMILY = "1,2";
			};
			name = Debug;
		};
		9CE5463E1C9EFF9000F922DA /* Release */ = {
			isa = XCBuildConfiguration;
			buildSettings = {
				ALWAYS_SEARCH_USER_PATHS = NO;
				CLANG_CXX_LANGUAGE_STANDARD = "gnu++0x";
				CLANG_CXX_LIBRARY = "libc++";
				CLANG_ENABLE_MODULES = YES;
				CLANG_ENABLE_OBJC_ARC = YES;
				CLANG_WARN_BOOL_CONVERSION = YES;
				CLANG_WARN_CONSTANT_CONVERSION = YES;
				CLANG_WARN_DIRECT_OBJC_ISA_USAGE = YES_ERROR;
				CLANG_WARN_EMPTY_BODY = YES;
				CLANG_WARN_ENUM_CONVERSION = YES;
				CLANG_WARN_INT_CONVERSION = YES;
				CLANG_WARN_OBJC_ROOT_CLASS = YES_ERROR;
				CLANG_WARN_UNREACHABLE_CODE = YES;
				CLANG_WARN__DUPLICATE_METHOD_MATCH = YES;
				"CODE_SIGN_IDENTITY[sdk=iphoneos*]" = "iPhone Developer";
				COPY_PHASE_STRIP = NO;
				DEBUG_INFORMATION_FORMAT = "dwarf-with-dsym";
				ENABLE_NS_ASSERTIONS = NO;
				ENABLE_STRICT_OBJC_MSGSEND = YES;
				GCC_C_LANGUAGE_STANDARD = gnu99;
				GCC_NO_COMMON_BLOCKS = YES;
				GCC_WARN_64_TO_32_BIT_CONVERSION = YES;
				GCC_WARN_ABOUT_RETURN_TYPE = YES_ERROR;
				GCC_WARN_UNDECLARED_SELECTOR = YES;
				GCC_WARN_UNINITIALIZED_AUTOS = YES_AGGRESSIVE;
				GCC_WARN_UNUSED_FUNCTION = YES;
				GCC_WARN_UNUSED_VARIABLE = YES;
				IPHONEOS_DEPLOYMENT_TARGET = 9.2;
				MTL_ENABLE_DEBUG_INFO = NO;
				SDKROOT = iphoneos;
				TARGETED_DEVICE_FAMILY = "1,2";
				VALIDATE_PRODUCT = YES;
			};
			name = Release;
		};
		9CE546401C9EFF9000F922DA /* Debug */ = {
			isa = XCBuildConfiguration;
			buildSettings = {
				ASSETCATALOG_COMPILER_APPICON_NAME = AppIcon;
				CODE_SIGN_IDENTITY = "iPhone Developer";
				"CODE_SIGN_IDENTITY[sdk=iphoneos*]" = "iPhone Developer";
				INFOPLIST_FILE = "simple-OOP-game/Info.plist";
				LD_RUNPATH_SEARCH_PATHS = "$(inherited) @executable_path/Frameworks";
				PRODUCT_BUNDLE_IDENTIFIER = "com.juniorsamaroo.simple-OOP-game";
				PRODUCT_NAME = "$(TARGET_NAME)";
				PROVISIONING_PROFILE = "";
			};
			name = Debug;
		};
		9CE546411C9EFF9000F922DA /* Release */ = {
			isa = XCBuildConfiguration;
			buildSettings = {
				ASSETCATALOG_COMPILER_APPICON_NAME = AppIcon;
				CODE_SIGN_IDENTITY = "iPhone Developer";
				"CODE_SIGN_IDENTITY[sdk=iphoneos*]" = "iPhone Developer";
				INFOPLIST_FILE = "simple-OOP-game/Info.plist";
				LD_RUNPATH_SEARCH_PATHS = "$(inherited) @executable_path/Frameworks";
				PRODUCT_BUNDLE_IDENTIFIER = "com.juniorsamaroo.simple-OOP-game";
				PRODUCT_NAME = "$(TARGET_NAME)";
				PROVISIONING_PROFILE = "";
			};
			name = Release;
		};
/* End XCBuildConfiguration section */

/* Begin XCConfigurationList section */
		9CE546281C9EFF8F00F922DA /* Build configuration list for PBXProject "simple-OOP-game" */ = {
			isa = XCConfigurationList;
			buildConfigurations = (
				9CE5463D1C9EFF9000F922DA /* Debug */,
				9CE5463E1C9EFF9000F922DA /* Release */,
			);
			defaultConfigurationIsVisible = 0;
			defaultConfigurationName = Release;
		};
		9CE5463F1C9EFF9000F922DA /* Build configuration list for PBXNativeTarget "simple-OOP-game" */ = {
			isa = XCConfigurationList;
			buildConfigurations = (
				9CE546401C9EFF9000F922DA /* Debug */,
				9CE546411C9EFF9000F922DA /* Release */,
			);
			defaultConfigurationIsVisible = 0;
		};
/* End XCConfigurationList section */
	};
	rootObject = 9CE546251C9EFF8F00F922DA /* Project object */;
}
